
Microsoft Visual Studio Solution File, Format Version 11.00
# Visual Studio 2010
Project("{FAE04EC0-301F-11D3-BF4B-00C04F79EFBC}") = "Coinco.SMS.Website", "Coinco.SMS.Website\Coinco.SMS.Website.csproj", "{F8B035D3-5158-4FA6-A1FB-88D75C604EBF}"
EndProject
Project("{FAE04EC0-301F-11D3-BF4B-00C04F79EFBC}") = "Coinco.SMS.AXWrapper", "Coinco.SMS.AXWrapper\Coinco.SMS.AXWrapper.csproj", "{580EC956-0050-4BD9-944B-3BACEE657FF0}"
EndProject
Global
	GlobalSection(SolutionConfigurationPlatforms) = preSolution
		Debug|Any CPU = Debug|Any CPU
		Release|Any CPU = Release|Any CPU
	EndGlobalSection
	GlobalSection(ProjectConfigurationPlatforms) = postSolution
		{F8B035D3-5158-4FA6-A1FB-88D75C604EBF}.Debug|Any CPU.ActiveCfg = Debug|Any CPU
		{F8B035D3-5158-4FA6-A1FB-88D75C604EBF}.Debug|Any CPU.Build.0 = Debug|Any CPU
		{F8B035D3-5158-4FA6-A1FB-88D75C604EBF}.Release|Any CPU.ActiveCfg = Release|Any CPU
		{F8B035D3-5158-4FA6-A1FB-88D75C604EBF}.Release|Any CPU.Build.0 = Release|Any CPU
		{580EC956-0050-4BD9-944B-3BACEE657FF0}.Debug|Any CPU.ActiveCfg = Debug|Any CPU
		{580EC956-0050-4BD9-944B-3BACEE657FF0}.Debug|Any CPU.Build.0 = Debug|Any CPU
		{580EC956-0050-4BD9-944B-3BACEE657FF0}.Release|Any CPU.ActiveCfg = Release|Any CPU
		{580EC956-0050-4BD9-944B-3BACEE657FF0}.Release|Any CPU.Build.0 = Release|Any CPU
	EndGlobalSection
	GlobalSection(SolutionProperties) = preSolution
		HideSolutionNode = FALSE
	EndGlobalSection
EndGlobal
